{
  "version": 4,
  "terraform_version": "1.12.2",
  "serial": 61,
  "lineage": "65a2b3dc-e965-a17a-1f59-98351d9e1202",
  "outputs": {
    "app_service_url": {
      "value": "ecotrack-app.azurewebsites.net",
      "type": "string"
    },
    "resource_group_name": {
      "value": "rg-ecotrack",
      "type": "string"
    }
  },
  "resources": [
    {
      "mode": "data",
      "type": "azurerm_client_config",
      "name": "current",
      "provider": "provider[\"registry.terraform.io/hashicorp/azurerm\"]",
      "instances": [
        {
          "schema_version": 0,
          "attributes": {
            "client_id": "04b07795-8ddb-461a-bbee-02f9e1bf7b46",
            "id": "Y2xpZW50Q29uZmlncy9jbGllbnRJZD0wNGIwNzc5NS04ZGRiLTQ2MWEtYmJlZS0wMmY5ZTFiZjdiNDY7b2JqZWN0SWQ9M2NkYWIzZGItNzJmOS00OWQxLWFjMmYtMDAzMzFiMTYyNzA3O3N1YnNjcmlwdGlvbklkPWJlZDM2MWEzLTAxODMtNGUxMC1iMDU0LWM1ODg4ODBhMzdiZDt0ZW5hbnRJZD0xOTYxZDlmZC0wOTNjLTQ5NDAtYmFlOS0zNDljMTcxNjBkZTA=",
            "object_id": "3cdab3db-72f9-49d1-ac2f-00331b162707",
            "subscription_id": "bed361a3-0183-4e10-b054-c588880a37bd",
            "tenant_id": "1961d9fd-093c-4940-bae9-349c17160de0",
            "timeouts": null
          },
          "sensitive_attributes": [],
          "identity_schema_version": 0
        }
      ]
    },
    {
      "mode": "managed",
      "type": "azapi_resource",
      "name": "allowed_locations",
      "provider": "provider[\"registry.terraform.io/azure/azapi\"]",
      "instances": [
        {
          "schema_version": 0,
          "attributes": {
            "body": "{\"properties\":{\"displayName\":\"Allowed locations\",\"parameters\":{\"listOfAllowedLocations\":{\"value\":[\"westeurope\"]}},\"policyDefinitionId\":\"/providers/Microsoft.Authorization/policyDefinitions/e56962a6-4747-49cd-b67b-bf8b01975c4c\"}}",
            "id": "/subscriptions/bed361a3-0183-4e10-b054-c588880a37bd/providers/Microsoft.Authorization/policyAssignments/allowed-locations",
            "identity": [],
            "ignore_casing": false,
            "ignore_missing_property": true,
            "location": "",
            "locks": null,
            "name": "allowed-locations",
            "output": "{}",
            "parent_id": "/subscriptions/bed361a3-0183-4e10-b054-c588880a37bd",
            "removing_special_chars": false,
            "response_export_values": null,
            "schema_validation_enabled": true,
            "tags": {},
            "timeouts": null,
            "type": "Microsoft.Authorization/policyAssignments@2020-09-01"
          },
          "sensitive_attributes": [],
          "identity_schema_version": 0,
          "private": "eyJlMmJmYjczMC1lY2FhLTExZTYtOGY4OC0zNDM2M2JjN2M0YzAiOnsiY3JlYXRlIjoxODAwMDAwMDAwMDAwLCJkZWxldGUiOjE4MDAwMDAwMDAwMDAsInJlYWQiOjMwMDAwMDAwMDAwMCwidXBkYXRlIjoxODAwMDAwMDAwMDAwfX0="
        }
      ]
    },
    {
      "mode": "managed",
      "type": "azapi_resource",
      "name": "deny_public_ip",
      "provider": "provider[\"registry.terraform.io/azure/azapi\"]",
      "instances": [
        {
          "schema_version": 0,
          "attributes": {
            "body": "{\"properties\":{\"displayName\":\"Deny Public IPs on Network Interfaces\",\"notScopes\":[\"/subscriptions/bed361a3-0183-4e10-b054-c588880a37bd/resourceGroups/rg-ecotrack/providers/Microsoft.Network/publicIPAddresses/bastion-pip\"],\"policyDefinitionId\":\"/providers/Microsoft.Authorization/policyDefinitions/83a86a26-fd1f-447c-b59d-e51f44264114\"}}",
            "id": "/subscriptions/bed361a3-0183-4e10-b054-c588880a37bd/providers/Microsoft.Authorization/policyAssignments/deny-public-ip",
            "identity": [],
            "ignore_casing": false,
            "ignore_missing_property": true,
            "location": "",
            "locks": null,
            "name": "deny-public-ip",
            "output": "{}",
            "parent_id": "/subscriptions/bed361a3-0183-4e10-b054-c588880a37bd",
            "removing_special_chars": false,
            "response_export_values": null,
            "schema_validation_enabled": true,
            "tags": {},
            "timeouts": null,
            "type": "Microsoft.Authorization/policyAssignments@2020-09-01"
          },
          "sensitive_attributes": [],
          "identity_schema_version": 0,
          "private": "eyJlMmJmYjczMC1lY2FhLTExZTYtOGY4OC0zNDM2M2JjN2M0YzAiOnsiY3JlYXRlIjoxODAwMDAwMDAwMDAwLCJkZWxldGUiOjE4MDAwMDAwMDAwMDAsInJlYWQiOjMwMDAwMDAwMDAwMCwidXBkYXRlIjoxODAwMDAwMDAwMDAwfX0=",
          "dependencies": [
            "azurerm_public_ip.bastion_ip",
            "azurerm_resource_group.rg"
          ]
        }
      ]
    },
    {
      "mode": "managed",
      "type": "azapi_resource",
      "name": "enforce_tags",
      "provider": "provider[\"registry.terraform.io/azure/azapi\"]",
      "instances": [
        {
          "schema_version": 0,
          "attributes": {
            "body": "{\"properties\":{\"displayName\":\"Require a tag and its value on resources\",\"notScopes\":[\"/subscriptions/bed361a3-0183-4e10-b054-c588880a37bd/resourceGroups/rg-ecotrack/providers/Microsoft.Compute/virtualMachines/ecotrack-vm/extensions\"],\"parameters\":{\"tagName\":{\"value\":\"environment\"},\"tagValue\":{\"value\":\"production\"}},\"policyDefinitionId\":\"/providers/Microsoft.Authorization/policyDefinitions/1e30110a-5ceb-460c-a204-c1c3969c6d62\"}}",
            "id": "/subscriptions/bed361a3-0183-4e10-b054-c588880a37bd/providers/Microsoft.Authorization/policyAssignments/enforce-tags",
            "identity": [],
            "ignore_casing": false,
            "ignore_missing_property": true,
            "location": "",
            "locks": null,
            "name": "enforce-tags",
            "output": "{}",
            "parent_id": "/subscriptions/bed361a3-0183-4e10-b054-c588880a37bd",
            "removing_special_chars": false,
            "response_export_values": null,
            "schema_validation_enabled": true,
            "tags": {},
            "timeouts": null,
            "type": "Microsoft.Authorization/policyAssignments@2020-09-01"
          },
          "sensitive_attributes": [],
          "identity_schema_version": 0,
          "private": "eyJlMmJmYjczMC1lY2FhLTExZTYtOGY4OC0zNDM2M2JjN2M0YzAiOnsiY3JlYXRlIjoxODAwMDAwMDAwMDAwLCJkZWxldGUiOjE4MDAwMDAwMDAwMDAsInJlYWQiOjMwMDAwMDAwMDAwMCwidXBkYXRlIjoxODAwMDAwMDAwMDAwfX0=",
          "dependencies": [
            "azurerm_resource_group.rg"
          ]
        }
      ]
    },
    {
      "mode": "managed",
      "type": "azurerm_app_service_virtual_network_swift_connection",
      "name": "app_vnet_integration",
      "provider": "provider[\"registry.terraform.io/hashicorp/azurerm\"]",
      "instances": [
        {
          "schema_version": 0,
          "attributes": {
            "app_service_id": "/subscriptions/bed361a3-0183-4e10-b054-c588880a37bd/resourceGroups/rg-ecotrack/providers/Microsoft.Web/sites/ecotrack-app",
            "id": "/subscriptions/bed361a3-0183-4e10-b054-c588880a37bd/resourceGroups/rg-ecotrack/providers/Microsoft.Web/sites/ecotrack-app/config/virtualNetwork",
            "subnet_id": "/subscriptions/bed361a3-0183-4e10-b054-c588880a37bd/resourceGroups/rg-ecotrack/providers/Microsoft.Network/virtualNetworks/vnet-ecotrack/subnets/subnet-app",
            "timeouts": null
          },
          "sensitive_attributes": [],
          "identity_schema_version": 0,
          "private": "eyJlMmJmYjczMC1lY2FhLTExZTYtOGY4OC0zNDM2M2JjN2M0YzAiOnsiY3JlYXRlIjoxODAwMDAwMDAwMDAwLCJkZWxldGUiOjE4MDAwMDAwMDAwMDAsInJlYWQiOjMwMDAwMDAwMDAwMCwidXBkYXRlIjoxODAwMDAwMDAwMDAwfX0=",
          "dependencies": [
            "azurerm_linux_web_app.app",
            "azurerm_resource_group.rg",
            "azurerm_service_plan.plan",
            "azurerm_subnet.app",
            "azurerm_virtual_network.vnet"
          ]
        }
      ]
    },
    {
      "mode": "managed",
      "type": "azurerm_bastion_host",
      "name": "bastion",
      "provider": "provider[\"registry.terraform.io/hashicorp/azurerm\"]",
      "instances": [
        {
          "schema_version": 0,
          "attributes": {
            "copy_paste_enabled": true,
            "dns_name": "bst-ccf98c15-ff7e-4a93-acf4-b33531dd3e0f.bastion.azure.com",
            "file_copy_enabled": false,
            "id": "/subscriptions/bed361a3-0183-4e10-b054-c588880a37bd/resourceGroups/rg-ecotrack/providers/Microsoft.Network/bastionHosts/ecotrack-bastion",
            "ip_configuration": [
              {
                "name": "bastion-ip-config",
                "public_ip_address_id": "/subscriptions/bed361a3-0183-4e10-b054-c588880a37bd/resourceGroups/rg-ecotrack/providers/Microsoft.Network/publicIPAddresses/bastion-pip",
                "subnet_id": "/subscriptions/bed361a3-0183-4e10-b054-c588880a37bd/resourceGroups/rg-ecotrack/providers/Microsoft.Network/virtualNetworks/vnet-ecotrack/subnets/AzureBastionSubnet"
              }
            ],
            "ip_connect_enabled": false,
            "kerberos_enabled": false,
            "location": "westeurope",
            "name": "ecotrack-bastion",
            "resource_group_name": "rg-ecotrack",
            "scale_units": 2,
            "session_recording_enabled": false,
            "shareable_link_enabled": false,
            "sku": "Basic",
            "tags": {
              "environment": "production"
            },
            "timeouts": null,
            "tunneling_enabled": false,
            "virtual_network_id": "",
            "zones": []
          },
          "sensitive_attributes": [],
          "identity_schema_version": 0,
          "private": "eyJlMmJmYjczMC1lY2FhLTExZTYtOGY4OC0zNDM2M2JjN2M0YzAiOnsiY3JlYXRlIjoxODAwMDAwMDAwMDAwLCJkZWxldGUiOjE4MDAwMDAwMDAwMDAsInJlYWQiOjMwMDAwMDAwMDAwMCwidXBkYXRlIjoxODAwMDAwMDAwMDAwfX0=",
          "dependencies": [
            "azurerm_public_ip.bastion_ip",
            "azurerm_resource_group.rg",
            "azurerm_subnet.bastion_subnet",
            "azurerm_virtual_network.vnet"
          ]
        }
      ]
    },
    {
      "mode": "managed",
      "type": "azurerm_key_vault",
      "name": "kv",
      "provider": "provider[\"registry.terraform.io/hashicorp/azurerm\"]",
      "instances": [
        {
          "schema_version": 2,
          "attributes": {
            "access_policy": [
              {
                "application_id": "",
                "certificate_permissions": [],
                "key_permissions": [],
                "object_id": "94e6e81a-8be4-40af-aa3b-9dc24f57a320",
                "secret_permissions": [
                  "Get"
                ],
                "storage_permissions": [],
                "tenant_id": "1961d9fd-093c-4940-bae9-349c17160de0"
              }
            ],
            "contact": [],
            "enable_rbac_authorization": false,
            "enabled_for_deployment": false,
            "enabled_for_disk_encryption": false,
            "enabled_for_template_deployment": false,
            "id": "/subscriptions/bed361a3-0183-4e10-b054-c588880a37bd/resourceGroups/rg-ecotrack/providers/Microsoft.KeyVault/vaults/kv4g5s31",
            "location": "westeurope",
            "name": "kv4g5s31",
            "network_acls": [
              {
                "bypass": "AzureServices",
                "default_action": "Allow",
                "ip_rules": [],
                "virtual_network_subnet_ids": []
              }
            ],
            "public_network_access_enabled": true,
            "purge_protection_enabled": true,
            "resource_group_name": "rg-ecotrack",
            "sku_name": "standard",
            "soft_delete_retention_days": 90,
            "tags": {
              "environment": "production"
            },
            "tenant_id": "1961d9fd-093c-4940-bae9-349c17160de0",
            "timeouts": null,
            "vault_uri": "https://kv4g5s31.vault.azure.net/"
          },
          "sensitive_attributes": [],
          "identity_schema_version": 0,
          "private": "eyJlMmJmYjczMC1lY2FhLTExZTYtOGY4OC0zNDM2M2JjN2M0YzAiOnsiY3JlYXRlIjoxODAwMDAwMDAwMDAwLCJkZWxldGUiOjE4MDAwMDAwMDAwMDAsInJlYWQiOjMwMDAwMDAwMDAwMCwidXBkYXRlIjoxODAwMDAwMDAwMDAwfSwic2NoZW1hX3ZlcnNpb24iOiIyIn0=",
          "dependencies": [
            "azurerm_linux_web_app.app",
            "azurerm_resource_group.rg",
            "azurerm_service_plan.plan",
            "data.azurerm_client_config.current",
            "random_string.suffix"
          ]
        }
      ]
    },
    {
      "mode": "managed",
      "type": "azurerm_linux_virtual_machine",
      "name": "vm",
      "provider": "provider[\"registry.terraform.io/hashicorp/azurerm\"]",
      "instances": [
        {
          "schema_version": 0,
          "attributes": {
            "additional_capabilities": [],
            "admin_password": null,
            "admin_ssh_key": [
              {
                "public_key": "ssh-rsa AAAAB3NzaC1yc2EAAAADAQABAAACAQDRwpHh1VXkbTulgvwUUo3qCAzR6tiIi2ITadPksNegcJTqvl2j7t5rTV/8d2pNhIkIY1k4xj4nWQmN1MW4IxdqUl1rbn7CwDgjLK4BEcidAb7cyzj/PMI2VFddvUSAJoZIeNeE8BhXoOsU1tZOwA8MfBglHEa18McmYKuMw8XemFzRvN1zY2vA0YJF2P/GorL+CHY1GvQkGTwy+WgjRhFTZ1m5x7Qb98u0pYL4Y3hVyy2iT970HGcWh6svnJM4aMs48U46DvXZriAFfwdFMny69ArmrHwD+j1JJLYyrHTbW49bDtVZFJwD7uBcsBbCB2bUbtxfaUxQq8ZNo4xlMPYfC7Wrw/kWf7YVU9SdjFgbw4/LG3GvKpTBjanD3d2CkFR/U/5GObQWAvEdL06N3h7+LLK4+5FvKcNHWEzGiakkXrCQUr024S5cxtCNo6cFzh+sc/SopabOYiLygej8ZA1I3E74VGws3sk0U/aXZ3RNT2kV9DO/1xsi6O9q/f5RJXr8ej2yQ39/nIkd3bDpxhcvhajXDx3jzX3kLbGTG3HqZoiEnwXqJzsCuHpPu2N/p3ed9j41XwhzcxwKtJBtIe0Og38WPWqW4OdC92IZiR8Yn4lcmMjB35075gjm1EGmPkSNdC0QNAQhzZCMIT850s3+xLR+Q6JhHtClaz3Ti1gpgQ== guy@Mac\n",
                "username": "azureuser"
              }
            ],
            "admin_username": "azureuser",
            "allow_extension_operations": true,
            "availability_set_id": "",
            "boot_diagnostics": [
              {
                "storage_account_uri": "https://bootdiag4g5s31.blob.core.windows.net/"
              }
            ],
            "bypass_platform_safety_checks_on_user_schedule_enabled": false,
            "capacity_reservation_group_id": "",
            "computer_name": "ecotrack-vm",
            "custom_data": null,
            "dedicated_host_group_id": "",
            "dedicated_host_id": "",
            "disable_password_authentication": true,
            "disk_controller_type": "",
            "edge_zone": "",
            "encryption_at_host_enabled": false,
            "eviction_policy": "",
            "extensions_time_budget": "PT1H30M",
            "gallery_application": [],
            "id": "/subscriptions/bed361a3-0183-4e10-b054-c588880a37bd/resourceGroups/rg-ecotrack/providers/Microsoft.Compute/virtualMachines/ecotrack-vm",
            "identity": [],
            "license_type": "",
            "location": "westeurope",
            "max_bid_price": -1,
            "name": "ecotrack-vm",
            "network_interface_ids": [
              "/subscriptions/bed361a3-0183-4e10-b054-c588880a37bd/resourceGroups/rg-ecotrack/providers/Microsoft.Network/networkInterfaces/nic-vm"
            ],
            "os_disk": [
              {
                "caching": "ReadWrite",
                "diff_disk_settings": [],
                "disk_encryption_set_id": "",
                "disk_size_gb": 30,
                "id": "/subscriptions/bed361a3-0183-4e10-b054-c588880a37bd/resourceGroups/rg-ecotrack/providers/Microsoft.Compute/disks/ecotrack-osdisk",
                "name": "ecotrack-osdisk",
                "secure_vm_disk_encryption_set_id": "",
                "security_encryption_type": "",
                "storage_account_type": "Standard_LRS",
                "write_accelerator_enabled": false
              }
            ],
            "os_image_notification": [],
            "patch_assessment_mode": "ImageDefault",
            "patch_mode": "ImageDefault",
            "plan": [],
            "platform_fault_domain": -1,
            "priority": "Regular",
            "private_ip_address": "10.0.2.4",
            "private_ip_addresses": [
              "10.0.2.4"
            ],
            "provision_vm_agent": true,
            "proximity_placement_group_id": "",
            "public_ip_address": "",
            "public_ip_addresses": [],
            "reboot_setting": "",
            "resource_group_name": "rg-ecotrack",
            "secret": [],
            "secure_boot_enabled": false,
            "size": "Standard_B1s",
            "source_image_id": "",
            "source_image_reference": [
              {
                "offer": "0001-com-ubuntu-server-focal",
                "publisher": "Canonical",
                "sku": "20_04-lts",
                "version": "latest"
              }
            ],
            "tags": {
              "environment": "production"
            },
            "termination_notification": [],
            "timeouts": null,
            "user_data": "",
            "virtual_machine_id": "46701889-4c71-44b0-872d-b822db2ee74c",
            "virtual_machine_scale_set_id": "",
            "vm_agent_platform_updates_enabled": false,
            "vtpm_enabled": false,
            "zone": ""
          },
          "sensitive_attributes": [
            [
              {
                "type": "get_attr",
                "value": "admin_password"
              }
            ],
            [
              {
                "type": "get_attr",
                "value": "custom_data"
              }
            ]
          ],
          "identity_schema_version": 0,
          "private": "eyJlMmJmYjczMC1lY2FhLTExZTYtOGY4OC0zNDM2M2JjN2M0YzAiOnsiY3JlYXRlIjoyNzAwMDAwMDAwMDAwLCJkZWxldGUiOjI3MDAwMDAwMDAwMDAsInJlYWQiOjMwMDAwMDAwMDAwMCwidXBkYXRlIjoyNzAwMDAwMDAwMDAwfX0=",
          "dependencies": [
            "azurerm_network_interface.nic",
            "azurerm_resource_group.rg",
            "azurerm_storage_account.boot_diag",
            "azurerm_subnet.mgmt",
            "azurerm_virtual_network.vnet",
            "random_string.suffix"
          ]
        }
      ]
    },
    {
      "mode": "managed",
      "type": "azurerm_linux_web_app",
      "name": "app",
      "provider": "provider[\"registry.terraform.io/hashicorp/azurerm\"]",
      "instances": [
        {
          "schema_version": 1,
          "attributes": {
            "app_settings": {},
            "auth_settings": [],
            "auth_settings_v2": [],
            "backup": [],
            "client_affinity_enabled": false,
            "client_certificate_enabled": false,
            "client_certificate_exclusion_paths": "",
            "client_certificate_mode": "Required",
            "connection_string": [],
            "custom_domain_verification_id": "64628F1B874A040F6317FB8CC86CC8C1A91D7B0DC7DF462CD9A5C07A66FD244A",
            "default_hostname": "ecotrack-app.azurewebsites.net",
            "enabled": true,
            "ftp_publish_basic_authentication_enabled": true,
            "hosting_environment_id": "",
            "https_only": false,
            "id": "/subscriptions/bed361a3-0183-4e10-b054-c588880a37bd/resourceGroups/rg-ecotrack/providers/Microsoft.Web/sites/ecotrack-app",
            "identity": [
              {
                "identity_ids": [],
                "principal_id": "94e6e81a-8be4-40af-aa3b-9dc24f57a320",
                "tenant_id": "1961d9fd-093c-4940-bae9-349c17160de0",
                "type": "SystemAssigned"
              }
            ],
            "key_vault_reference_identity_id": "SystemAssigned",
            "kind": "app,linux",
            "location": "westeurope",
            "logs": [],
            "name": "ecotrack-app",
            "outbound_ip_address_list": [
              "20.73.127.255",
              "20.76.64.122",
              "20.76.65.118",
              "20.73.127.254",
              "20.76.65.248",
              "20.76.65.249",
              "20.105.224.34"
            ],
            "outbound_ip_addresses": "20.73.127.255,20.76.64.122,20.76.65.118,20.73.127.254,20.76.65.248,20.76.65.249,20.105.224.34",
            "possible_outbound_ip_address_list": [
              "20.73.127.255",
              "20.76.64.122",
              "20.76.65.118",
              "20.73.127.254",
              "20.76.65.248",
              "20.76.65.249",
              "20.76.64.123",
              "20.76.68.160",
              "20.76.68.161",
              "20.76.70.134",
              "20.76.70.135",
              "20.76.70.242",
              "20.76.71.245",
              "20.76.65.81",
              "20.76.65.96",
              "20.76.65.97",
              "20.76.70.185",
              "20.76.65.157",
              "20.76.65.164",
              "20.76.65.166",
              "20.76.65.225",
              "20.76.65.227",
              "20.76.66.34",
              "20.76.66.52",
              "20.105.224.34"
            ],
            "possible_outbound_ip_addresses": "20.73.127.255,20.76.64.122,20.76.65.118,20.73.127.254,20.76.65.248,20.76.65.249,20.76.64.123,20.76.68.160,20.76.68.161,20.76.70.134,20.76.70.135,20.76.70.242,20.76.71.245,20.76.65.81,20.76.65.96,20.76.65.97,20.76.70.185,20.76.65.157,20.76.65.164,20.76.65.166,20.76.65.225,20.76.65.227,20.76.66.34,20.76.66.52,20.105.224.34",
            "public_network_access_enabled": true,
            "resource_group_name": "rg-ecotrack",
            "service_plan_id": "/subscriptions/bed361a3-0183-4e10-b054-c588880a37bd/resourceGroups/rg-ecotrack/providers/Microsoft.Web/serverFarms/ecotrack-plan",
            "site_config": [
              {
                "always_on": true,
                "api_definition_url": "",
                "api_management_api_id": "",
                "app_command_line": "",
                "application_stack": [
                  {
                    "docker_image_name": "",
                    "docker_registry_password": "",
                    "docker_registry_url": "",
                    "docker_registry_username": "",
                    "dotnet_version": "",
                    "go_version": "",
                    "java_server": "",
                    "java_server_version": "",
                    "java_version": "",
                    "node_version": "",
                    "php_version": "",
                    "python_version": "3.10",
                    "ruby_version": ""
                  }
                ],
                "auto_heal_setting": [],
                "container_registry_managed_identity_client_id": "",
                "container_registry_use_managed_identity": false,
                "cors": [],
                "default_documents": [
                  "Default.htm",
                  "Default.html",
                  "Default.asp",
                  "index.htm",
                  "index.html",
                  "iisstart.htm",
                  "default.aspx",
                  "index.php",
                  "hostingstart.html"
                ],
                "detailed_error_logging_enabled": false,
                "ftps_state": "Disabled",
                "health_check_eviction_time_in_min": 0,
                "health_check_path": "",
                "http2_enabled": false,
                "ip_restriction": [],
                "ip_restriction_default_action": "Allow",
                "linux_fx_version": "PYTHON|3.10",
                "load_balancing_mode": "LeastRequests",
                "local_mysql_enabled": false,
                "managed_pipeline_mode": "Integrated",
                "minimum_tls_version": "1.2",
                "remote_debugging_enabled": false,
                "remote_debugging_version": "VS2022",
                "scm_ip_restriction": [],
                "scm_ip_restriction_default_action": "Allow",
                "scm_minimum_tls_version": "1.2",
                "scm_type": "None",
                "scm_use_main_ip_restriction": false,
                "use_32_bit_worker": true,
                "vnet_route_all_enabled": false,
                "websockets_enabled": false,
                "worker_count": 1
              }
            ],
            "site_credential": [
              {
                "name": "$ecotrack-app",
                "password": "izKuYfRqTXWpfkat58ukxcm05wntbgZFznHl3vydlWnt3cKHko1gpWdW8o00"
              }
            ],
            "sticky_settings": [],
            "storage_account": [],
            "tags": {
              "environment": "production"
            },
            "timeouts": null,
            "virtual_network_backup_restore_enabled": false,
            "virtual_network_subnet_id": "",
            "webdeploy_publish_basic_authentication_enabled": true,
            "zip_deploy_file": ""
          },
          "sensitive_attributes": [
            [
              {
                "type": "get_attr",
                "value": "custom_domain_verification_id"
              }
            ],
            [
              {
                "type": "get_attr",
                "value": "site_config"
              },
              {
                "type": "index",
                "value": {
                  "value": 0,
                  "type": "number"
                }
              },
              {
                "type": "get_attr",
                "value": "application_stack"
              },
              {
                "type": "index",
                "value": {
                  "value": 0,
                  "type": "number"
                }
              },
              {
                "type": "get_attr",
                "value": "docker_registry_password"
              }
            ],
            [
              {
                "type": "get_attr",
                "value": "site_credential"
              }
            ]
          ],
          "identity_schema_version": 0,
          "private": "eyJlMmJmYjczMC1lY2FhLTExZTYtOGY4OC0zNDM2M2JjN2M0YzAiOnsiY3JlYXRlIjoxODAwMDAwMDAwMDAwLCJkZWxldGUiOjE4MDAwMDAwMDAwMDAsInJlYWQiOjMwMDAwMDAwMDAwMCwidXBkYXRlIjoxODAwMDAwMDAwMDAwfSwic2NoZW1hX3ZlcnNpb24iOiIxIn0=",
          "dependencies": [
            "azurerm_resource_group.rg",
            "azurerm_service_plan.plan"
          ]
        }
      ]
    },
    {
      "mode": "managed",
      "type": "azurerm_log_analytics_workspace",
      "name": "log",
      "provider": "provider[\"registry.terraform.io/hashicorp/azurerm\"]",
      "instances": [
        {
          "schema_version": 3,
          "attributes": {
            "allow_resource_only_permissions": true,
            "cmk_for_query_forced": false,
            "daily_quota_gb": -1,
            "data_collection_rule_id": "",
            "id": "/subscriptions/bed361a3-0183-4e10-b054-c588880a37bd/resourceGroups/rg-ecotrack/providers/Microsoft.OperationalInsights/workspaces/log-ecotrack",
            "identity": [],
            "immediate_data_purge_on_30_days_enabled": false,
            "internet_ingestion_enabled": true,
            "internet_query_enabled": true,
            "local_authentication_disabled": false,
            "location": "westeurope",
            "name": "log-ecotrack",
            "primary_shared_key": "soMi4byUprW8BXZMv9EtVMeKGxZbCAVQQen3+YsmWXJ0JbuxuAF/Uky9lTYoORJuJmOkWHUSqeGtF7rTylcs/A==",
            "reservation_capacity_in_gb_per_day": null,
            "resource_group_name": "rg-ecotrack",
            "retention_in_days": 30,
            "secondary_shared_key": "6pwpQE+PpaqI2D7sAVGM1k4Da/o3UUxhaQaUTTfukc0fBAF4sOVfzMtptdiJMFhzpLXP02uVXIgQrFYgFhWpAA==",
            "sku": "PerGB2018",
            "tags": {
              "environment": "production"
            },
            "timeouts": null,
            "workspace_id": "a2b97f4f-2208-4232-848f-1b814b6a7aa6"
          },
          "sensitive_attributes": [
            [
              {
                "type": "get_attr",
                "value": "primary_shared_key"
              }
            ],
            [
              {
                "type": "get_attr",
                "value": "secondary_shared_key"
              }
            ]
          ],
          "identity_schema_version": 0,
          "private": "eyJlMmJmYjczMC1lY2FhLTExZTYtOGY4OC0zNDM2M2JjN2M0YzAiOnsiY3JlYXRlIjoxODAwMDAwMDAwMDAwLCJkZWxldGUiOjE4MDAwMDAwMDAwMDAsInJlYWQiOjMwMDAwMDAwMDAwMCwidXBkYXRlIjoxODAwMDAwMDAwMDAwfSwic2NoZW1hX3ZlcnNpb24iOiIzIn0=",
          "dependencies": [
            "azurerm_resource_group.rg"
          ]
        }
      ]
    },
    {
      "mode": "managed",
      "type": "azurerm_monitor_diagnostic_setting",
      "name": "app_service_diagnostics",
      "provider": "provider[\"registry.terraform.io/hashicorp/azurerm\"]",
      "instances": [
        {
          "schema_version": 0,
          "attributes": {
            "enabled_log": [
              {
                "category": "AppServiceHTTPLogs",
                "category_group": "",
                "retention_policy": [
                  {
                    "days": 0,
                    "enabled": false
                  }
                ]
              }
            ],
            "enabled_metric": [
              {
                "category": "AllMetrics"
              }
            ],
            "eventhub_authorization_rule_id": "",
            "eventhub_name": "",
            "id": "/subscriptions/bed361a3-0183-4e10-b054-c588880a37bd/resourceGroups/rg-ecotrack/providers/Microsoft.Web/sites/ecotrack-app|app-diagnostics",
            "log_analytics_destination_type": "",
            "log_analytics_workspace_id": "/subscriptions/bed361a3-0183-4e10-b054-c588880a37bd/resourceGroups/rg-ecotrack/providers/Microsoft.OperationalInsights/workspaces/log-ecotrack",
            "metric": [
              {
                "category": "AllMetrics",
                "enabled": true,
                "retention_policy": [
                  {
                    "days": 0,
                    "enabled": false
                  }
                ]
              }
            ],
            "name": "app-diagnostics",
            "partner_solution_id": null,
            "storage_account_id": null,
            "target_resource_id": "/subscriptions/bed361a3-0183-4e10-b054-c588880a37bd/resourceGroups/rg-ecotrack/providers/Microsoft.Web/sites/ecotrack-app",
            "timeouts": null
          },
          "sensitive_attributes": [],
          "identity_schema_version": 0,
          "private": "eyJlMmJmYjczMC1lY2FhLTExZTYtOGY4OC0zNDM2M2JjN2M0YzAiOnsiY3JlYXRlIjoxODAwMDAwMDAwMDAwLCJkZWxldGUiOjM2MDAwMDAwMDAwMDAsInJlYWQiOjMwMDAwMDAwMDAwMCwidXBkYXRlIjoxODAwMDAwMDAwMDAwfX0=",
          "dependencies": [
            "azurerm_linux_web_app.app",
            "azurerm_log_analytics_workspace.log",
            "azurerm_resource_group.rg",
            "azurerm_service_plan.plan"
          ]
        }
      ]
    },
    {
      "mode": "managed",
      "type": "azurerm_monitor_diagnostic_setting",
      "name": "storage_diagnostics",
      "provider": "provider[\"registry.terraform.io/hashicorp/azurerm\"]",
      "instances": [
        {
          "schema_version": 0,
          "attributes": {
            "enabled_log": [],
            "enabled_metric": [
              {
                "category": "Capacity"
              },
              {
                "category": "Transaction"
              }
            ],
            "eventhub_authorization_rule_id": "",
            "eventhub_name": "",
            "id": "/subscriptions/bed361a3-0183-4e10-b054-c588880a37bd/resourceGroups/rg-ecotrack/providers/Microsoft.Storage/storageAccounts/stor4g5s31|storage-diagnostics",
            "log_analytics_destination_type": "",
            "log_analytics_workspace_id": "/subscriptions/bed361a3-0183-4e10-b054-c588880a37bd/resourceGroups/rg-ecotrack/providers/Microsoft.OperationalInsights/workspaces/log-ecotrack",
            "metric": [
              {
                "category": "AllMetrics",
                "enabled": true,
                "retention_policy": []
              }
            ],
            "name": "storage-diagnostics",
            "partner_solution_id": null,
            "storage_account_id": null,
            "target_resource_id": "/subscriptions/bed361a3-0183-4e10-b054-c588880a37bd/resourceGroups/rg-ecotrack/providers/Microsoft.Storage/storageAccounts/stor4g5s31",
            "timeouts": null
          },
          "sensitive_attributes": [],
          "identity_schema_version": 0,
          "private": "eyJlMmJmYjczMC1lY2FhLTExZTYtOGY4OC0zNDM2M2JjN2M0YzAiOnsiY3JlYXRlIjoxODAwMDAwMDAwMDAwLCJkZWxldGUiOjM2MDAwMDAwMDAwMDAsInJlYWQiOjMwMDAwMDAwMDAwMCwidXBkYXRlIjoxODAwMDAwMDAwMDAwfX0=",
          "dependencies": [
            "azurerm_log_analytics_workspace.log",
            "azurerm_resource_group.rg",
            "azurerm_storage_account.storage",
            "azurerm_subnet.private_endpoints",
            "azurerm_virtual_network.vnet",
            "random_string.suffix"
          ]
        }
      ]
    },
    {
      "mode": "managed",
      "type": "azurerm_monitor_diagnostic_setting",
      "name": "vm_diagnostics",
      "provider": "provider[\"registry.terraform.io/hashicorp/azurerm\"]",
      "instances": [
        {
          "schema_version": 0,
          "attributes": {
            "enabled_log": [],
            "enabled_metric": [
              {
                "category": "AllMetrics"
              }
            ],
            "eventhub_authorization_rule_id": "",
            "eventhub_name": "",
            "id": "/subscriptions/bed361a3-0183-4e10-b054-c588880a37bd/resourceGroups/rg-ecotrack/providers/Microsoft.Compute/virtualMachines/ecotrack-vm|vm-diagnostics",
            "log_analytics_destination_type": "",
            "log_analytics_workspace_id": "/subscriptions/bed361a3-0183-4e10-b054-c588880a37bd/resourceGroups/rg-ecotrack/providers/Microsoft.OperationalInsights/workspaces/log-ecotrack",
            "metric": [
              {
                "category": "AllMetrics",
                "enabled": true,
                "retention_policy": [
                  {
                    "days": 0,
                    "enabled": false
                  }
                ]
              }
            ],
            "name": "vm-diagnostics",
            "partner_solution_id": null,
            "storage_account_id": null,
            "target_resource_id": "/subscriptions/bed361a3-0183-4e10-b054-c588880a37bd/resourceGroups/rg-ecotrack/providers/Microsoft.Compute/virtualMachines/ecotrack-vm",
            "timeouts": null
          },
          "sensitive_attributes": [],
          "identity_schema_version": 0,
          "private": "eyJlMmJmYjczMC1lY2FhLTExZTYtOGY4OC0zNDM2M2JjN2M0YzAiOnsiY3JlYXRlIjoxODAwMDAwMDAwMDAwLCJkZWxldGUiOjM2MDAwMDAwMDAwMDAsInJlYWQiOjMwMDAwMDAwMDAwMCwidXBkYXRlIjoxODAwMDAwMDAwMDAwfX0=",
          "dependencies": [
            "azurerm_linux_virtual_machine.vm",
            "azurerm_log_analytics_workspace.log",
            "azurerm_network_interface.nic",
            "azurerm_resource_group.rg",
            "azurerm_storage_account.boot_diag",
            "azurerm_subnet.mgmt",
            "azurerm_virtual_network.vnet",
            "random_string.suffix"
          ]
        }
      ]
    },
    {
      "mode": "managed",
      "type": "azurerm_network_interface",
      "name": "nic",
      "provider": "provider[\"registry.terraform.io/hashicorp/azurerm\"]",
      "instances": [
        {
          "schema_version": 0,
          "attributes": {
            "accelerated_networking_enabled": false,
            "applied_dns_servers": [],
            "auxiliary_mode": "",
            "auxiliary_sku": "",
            "dns_servers": [],
            "edge_zone": "",
            "id": "/subscriptions/bed361a3-0183-4e10-b054-c588880a37bd/resourceGroups/rg-ecotrack/providers/Microsoft.Network/networkInterfaces/nic-vm",
            "internal_dns_name_label": "",
            "internal_domain_name_suffix": "2kelvmnjrhrevpsyvii0wgwl5b.ax.internal.cloudapp.net",
            "ip_configuration": [
              {
                "gateway_load_balancer_frontend_ip_configuration_id": "",
                "name": "internal",
                "primary": true,
                "private_ip_address": "10.0.2.4",
                "private_ip_address_allocation": "Dynamic",
                "private_ip_address_version": "IPv4",
                "public_ip_address_id": "",
                "subnet_id": "/subscriptions/bed361a3-0183-4e10-b054-c588880a37bd/resourceGroups/rg-ecotrack/providers/Microsoft.Network/virtualNetworks/vnet-ecotrack/subnets/subnet-mgmt"
              }
            ],
            "ip_forwarding_enabled": false,
            "location": "westeurope",
            "mac_address": "60-45-BD-90-79-DA",
            "name": "nic-vm",
            "private_ip_address": "10.0.2.4",
            "private_ip_addresses": [
              "10.0.2.4"
            ],
            "resource_group_name": "rg-ecotrack",
            "tags": {
              "environment": "production"
            },
            "timeouts": null,
            "virtual_machine_id": "/subscriptions/bed361a3-0183-4e10-b054-c588880a37bd/resourceGroups/rg-ecotrack/providers/Microsoft.Compute/virtualMachines/ecotrack-vm"
          },
          "sensitive_attributes": [],
          "identity_schema_version": 0,
          "private": "eyJlMmJmYjczMC1lY2FhLTExZTYtOGY4OC0zNDM2M2JjN2M0YzAiOnsiY3JlYXRlIjoxODAwMDAwMDAwMDAwLCJkZWxldGUiOjE4MDAwMDAwMDAwMDAsInJlYWQiOjMwMDAwMDAwMDAwMCwidXBkYXRlIjoxODAwMDAwMDAwMDAwfX0=",
          "dependencies": [
            "azurerm_resource_group.rg",
            "azurerm_subnet.mgmt",
            "azurerm_virtual_network.vnet"
          ]
        }
      ]
    },
    {
      "mode": "managed",
      "type": "azurerm_network_security_group",
      "name": "nsg_app",
      "provider": "provider[\"registry.terraform.io/hashicorp/azurerm\"]",
      "instances": [
        {
          "schema_version": 0,
          "attributes": {
            "id": "/subscriptions/bed361a3-0183-4e10-b054-c588880a37bd/resourceGroups/rg-ecotrack/providers/Microsoft.Network/networkSecurityGroups/nsg-app",
            "location": "westeurope",
            "name": "nsg-app",
            "resource_group_name": "rg-ecotrack",
            "security_rule": [],
            "tags": {
              "environment": "production"
            },
            "timeouts": null
          },
          "sensitive_attributes": [],
          "identity_schema_version": 0,
          "private": "eyJlMmJmYjczMC1lY2FhLTExZTYtOGY4OC0zNDM2M2JjN2M0YzAiOnsiY3JlYXRlIjoxODAwMDAwMDAwMDAwLCJkZWxldGUiOjE4MDAwMDAwMDAwMDAsInJlYWQiOjMwMDAwMDAwMDAwMCwidXBkYXRlIjoxODAwMDAwMDAwMDAwfX0=",
          "dependencies": [
            "azurerm_resource_group.rg"
          ]
        }
      ]
    },
    {
      "mode": "managed",
      "type": "azurerm_network_security_group",
      "name": "nsg_mgmt",
      "provider": "provider[\"registry.terraform.io/hashicorp/azurerm\"]",
      "instances": [
        {
          "schema_version": 0,
          "attributes": {
            "id": "/subscriptions/bed361a3-0183-4e10-b054-c588880a37bd/resourceGroups/rg-ecotrack/providers/Microsoft.Network/networkSecurityGroups/nsg-mgmt",
            "location": "westeurope",
            "name": "nsg-mgmt",
            "resource_group_name": "rg-ecotrack",
            "security_rule": [],
            "tags": {
              "environment": "production"
            },
            "timeouts": null
          },
          "sensitive_attributes": [],
          "identity_schema_version": 0,
          "private": "eyJlMmJmYjczMC1lY2FhLTExZTYtOGY4OC0zNDM2M2JjN2M0YzAiOnsiY3JlYXRlIjoxODAwMDAwMDAwMDAwLCJkZWxldGUiOjE4MDAwMDAwMDAwMDAsInJlYWQiOjMwMDAwMDAwMDAwMCwidXBkYXRlIjoxODAwMDAwMDAwMDAwfX0=",
          "dependencies": [
            "azurerm_resource_group.rg"
          ]
        }
      ]
    },
    {
      "mode": "managed",
      "type": "azurerm_private_endpoint",
      "name": "app_private_endpoint",
      "provider": "provider[\"registry.terraform.io/hashicorp/azurerm\"]",
      "instances": [
        {
          "schema_version": 0,
          "attributes": {
            "custom_dns_configs": [
              {
                "fqdn": "ecotrack-app.azurewebsites.net",
                "ip_addresses": [
                  "10.0.4.4"
                ]
              },
              {
                "fqdn": "ecotrack-app.scm.azurewebsites.net",
                "ip_addresses": [
                  "10.0.4.4"
                ]
              }
            ],
            "custom_network_interface_name": "",
            "id": "/subscriptions/bed361a3-0183-4e10-b054-c588880a37bd/resourceGroups/rg-ecotrack/providers/Microsoft.Network/privateEndpoints/app-private-endpoint",
            "ip_configuration": [],
            "location": "westeurope",
            "name": "app-private-endpoint",
            "network_interface": [
              {
                "id": "/subscriptions/bed361a3-0183-4e10-b054-c588880a37bd/resourceGroups/rg-ecotrack/providers/Microsoft.Network/networkInterfaces/app-private-endpoint.nic.a120c7a2-a758-4e05-9a9b-31ee9af3a0ee",
                "name": "app-private-endpoint.nic.a120c7a2-a758-4e05-9a9b-31ee9af3a0ee"
              }
            ],
            "private_dns_zone_configs": [],
            "private_dns_zone_group": [],
            "private_service_connection": [
              {
                "is_manual_connection": false,
                "name": "app-priv-connection",
                "private_connection_resource_alias": "",
                "private_connection_resource_id": "/subscriptions/bed361a3-0183-4e10-b054-c588880a37bd/resourceGroups/rg-ecotrack/providers/Microsoft.Web/sites/ecotrack-app",
                "private_ip_address": "10.0.4.4",
                "request_message": "",
                "subresource_names": [
                  "sites"
                ]
              }
            ],
            "resource_group_name": "rg-ecotrack",
            "subnet_id": "/subscriptions/bed361a3-0183-4e10-b054-c588880a37bd/resourceGroups/rg-ecotrack/providers/Microsoft.Network/virtualNetworks/vnet-ecotrack/subnets/subnet-private-endpoints",
            "tags": {
              "environment": "production"
            },
            "timeouts": null
          },
          "sensitive_attributes": [],
          "identity_schema_version": 0,
          "private": "eyJlMmJmYjczMC1lY2FhLTExZTYtOGY4OC0zNDM2M2JjN2M0YzAiOnsiY3JlYXRlIjozNjAwMDAwMDAwMDAwLCJkZWxldGUiOjM2MDAwMDAwMDAwMDAsInJlYWQiOjMwMDAwMDAwMDAwMCwidXBkYXRlIjozNjAwMDAwMDAwMDAwfX0=",
          "dependencies": [
            "azurerm_linux_web_app.app",
            "azurerm_resource_group.rg",
            "azurerm_service_plan.plan",
            "azurerm_subnet.private_endpoints",
            "azurerm_virtual_network.vnet"
          ]
        }
      ]
    },
    {
      "mode": "managed",
      "type": "azurerm_private_endpoint",
      "name": "storage_private_endpoint",
      "provider": "provider[\"registry.terraform.io/hashicorp/azurerm\"]",
      "instances": [
        {
          "schema_version": 0,
          "attributes": {
            "custom_dns_configs": [
              {
                "fqdn": "stor4g5s31.blob.core.windows.net",
                "ip_addresses": [
                  "10.0.4.5"
                ]
              }
            ],
            "custom_network_interface_name": "",
            "id": "/subscriptions/bed361a3-0183-4e10-b054-c588880a37bd/resourceGroups/rg-ecotrack/providers/Microsoft.Network/privateEndpoints/storage-private-endpoint",
            "ip_configuration": [],
            "location": "westeurope",
            "name": "storage-private-endpoint",
            "network_interface": [
              {
                "id": "/subscriptions/bed361a3-0183-4e10-b054-c588880a37bd/resourceGroups/rg-ecotrack/providers/Microsoft.Network/networkInterfaces/storage-private-endpoint.nic.8e46c3a7-0dad-49ba-9d9d-e871f6b5486c",
                "name": "storage-private-endpoint.nic.8e46c3a7-0dad-49ba-9d9d-e871f6b5486c"
              }
            ],
            "private_dns_zone_configs": [],
            "private_dns_zone_group": [],
            "private_service_connection": [
              {
                "is_manual_connection": false,
                "name": "storage-priv-connection",
                "private_connection_resource_alias": "",
                "private_connection_resource_id": "/subscriptions/bed361a3-0183-4e10-b054-c588880a37bd/resourceGroups/rg-ecotrack/providers/Microsoft.Storage/storageAccounts/stor4g5s31",
                "private_ip_address": "10.0.4.5",
                "request_message": "",
                "subresource_names": [
                  "blob"
                ]
              }
            ],
            "resource_group_name": "rg-ecotrack",
            "subnet_id": "/subscriptions/bed361a3-0183-4e10-b054-c588880a37bd/resourceGroups/rg-ecotrack/providers/Microsoft.Network/virtualNetworks/vnet-ecotrack/subnets/subnet-private-endpoints",
            "tags": {
              "environment": "production"
            },
            "timeouts": null
          },
          "sensitive_attributes": [],
          "identity_schema_version": 0,
          "private": "eyJlMmJmYjczMC1lY2FhLTExZTYtOGY4OC0zNDM2M2JjN2M0YzAiOnsiY3JlYXRlIjozNjAwMDAwMDAwMDAwLCJkZWxldGUiOjM2MDAwMDAwMDAwMDAsInJlYWQiOjMwMDAwMDAwMDAwMCwidXBkYXRlIjozNjAwMDAwMDAwMDAwfX0=",
          "dependencies": [
            "azurerm_resource_group.rg",
            "azurerm_storage_account.storage",
            "azurerm_subnet.private_endpoints",
            "azurerm_virtual_network.vnet",
            "random_string.suffix"
          ]
        }
      ]
    },
    {
      "mode": "managed",
      "type": "azurerm_public_ip",
      "name": "bastion_ip",
      "provider": "provider[\"registry.terraform.io/hashicorp/azurerm\"]",
      "instances": [
        {
          "schema_version": 0,
          "attributes": {
            "allocation_method": "Static",
            "ddos_protection_mode": "VirtualNetworkInherited",
            "ddos_protection_plan_id": null,
            "domain_name_label": null,
            "domain_name_label_scope": null,
            "edge_zone": "",
            "fqdn": null,
            "id": "/subscriptions/bed361a3-0183-4e10-b054-c588880a37bd/resourceGroups/rg-ecotrack/providers/Microsoft.Network/publicIPAddresses/bastion-pip",
            "idle_timeout_in_minutes": 4,
            "ip_address": "4.180.177.39",
            "ip_tags": {},
            "ip_version": "IPv4",
            "location": "westeurope",
            "name": "bastion-pip",
            "public_ip_prefix_id": null,
            "resource_group_name": "rg-ecotrack",
            "reverse_fqdn": null,
            "sku": "Standard",
            "sku_tier": "Regional",
            "tags": {
              "environment": "production"
            },
            "timeouts": null,
            "zones": []
          },
          "sensitive_attributes": [],
          "identity_schema_version": 0,
          "private": "eyJlMmJmYjczMC1lY2FhLTExZTYtOGY4OC0zNDM2M2JjN2M0YzAiOnsiY3JlYXRlIjoxODAwMDAwMDAwMDAwLCJkZWxldGUiOjE4MDAwMDAwMDAwMDAsInJlYWQiOjMwMDAwMDAwMDAwMCwidXBkYXRlIjoxODAwMDAwMDAwMDAwfX0=",
          "dependencies": [
            "azurerm_resource_group.rg"
          ]
        }
      ]
    },
    {
      "mode": "managed",
      "type": "azurerm_resource_group",
      "name": "rg",
      "provider": "provider[\"registry.terraform.io/hashicorp/azurerm\"]",
      "instances": [
        {
          "schema_version": 0,
          "attributes": {
            "id": "/subscriptions/bed361a3-0183-4e10-b054-c588880a37bd/resourceGroups/rg-ecotrack",
            "location": "westeurope",
            "managed_by": "",
            "name": "rg-ecotrack",
            "tags": {
              "environment": "production",
              "owner": "EcoTrack"
            },
            "timeouts": null
          },
          "sensitive_attributes": [],
          "identity_schema_version": 0,
          "private": "eyJlMmJmYjczMC1lY2FhLTExZTYtOGY4OC0zNDM2M2JjN2M0YzAiOnsiY3JlYXRlIjo1NDAwMDAwMDAwMDAwLCJkZWxldGUiOjU0MDAwMDAwMDAwMDAsInJlYWQiOjMwMDAwMDAwMDAwMCwidXBkYXRlIjo1NDAwMDAwMDAwMDAwfX0="
        }
      ]
    },
    {
      "mode": "managed",
      "type": "azurerm_service_plan",
      "name": "plan",
      "provider": "provider[\"registry.terraform.io/hashicorp/azurerm\"]",
      "instances": [
        {
          "schema_version": 1,
          "attributes": {
            "app_service_environment_id": "",
            "id": "/subscriptions/bed361a3-0183-4e10-b054-c588880a37bd/resourceGroups/rg-ecotrack/providers/Microsoft.Web/serverFarms/ecotrack-plan",
            "kind": "linux",
            "location": "westeurope",
            "maximum_elastic_worker_count": 1,
            "name": "ecotrack-plan",
            "os_type": "Linux",
            "per_site_scaling_enabled": false,
            "premium_plan_auto_scale_enabled": false,
            "reserved": true,
            "resource_group_name": "rg-ecotrack",
            "sku_name": "B1",
            "tags": {
              "environment": "production"
            },
            "timeouts": null,
            "worker_count": 1,
            "zone_balancing_enabled": false
          },
          "sensitive_attributes": [],
          "identity_schema_version": 0,
          "private": "eyJlMmJmYjczMC1lY2FhLTExZTYtOGY4OC0zNDM2M2JjN2M0YzAiOnsiY3JlYXRlIjozNjAwMDAwMDAwMDAwLCJkZWxldGUiOjM2MDAwMDAwMDAwMDAsInJlYWQiOjMwMDAwMDAwMDAwMCwidXBkYXRlIjozNjAwMDAwMDAwMDAwfSwic2NoZW1hX3ZlcnNpb24iOiIxIn0=",
          "dependencies": [
            "azurerm_resource_group.rg"
          ]
        }
      ]
    },
    {
      "mode": "managed",
      "type": "azurerm_storage_account",
      "name": "boot_diag",
      "provider": "provider[\"registry.terraform.io/hashicorp/azurerm\"]",
      "instances": [
        {
          "schema_version": 4,
          "attributes": {
            "access_tier": "Hot",
            "account_kind": "StorageV2",
            "account_replication_type": "LRS",
            "account_tier": "Standard",
            "allow_nested_items_to_be_public": true,
            "allowed_copy_scope": "",
            "azure_files_authentication": [],
            "blob_properties": [
              {
                "change_feed_enabled": false,
                "change_feed_retention_in_days": 0,
                "container_delete_retention_policy": [],
                "cors_rule": [],
                "default_service_version": "",
                "delete_retention_policy": [],
                "last_access_time_enabled": false,
                "restore_policy": [],
                "versioning_enabled": false
              }
            ],
            "cross_tenant_replication_enabled": false,
            "custom_domain": [],
            "customer_managed_key": [],
            "default_to_oauth_authentication": false,
            "dns_endpoint_type": "Standard",
            "edge_zone": "",
            "https_traffic_only_enabled": true,
            "id": "/subscriptions/bed361a3-0183-4e10-b054-c588880a37bd/resourceGroups/rg-ecotrack/providers/Microsoft.Storage/storageAccounts/bootdiag4g5s31",
            "identity": [],
            "immutability_policy": [],
            "infrastructure_encryption_enabled": false,
            "is_hns_enabled": false,
            "large_file_share_enabled": false,
            "local_user_enabled": true,
            "location": "westeurope",
            "min_tls_version": "TLS1_2",
            "name": "bootdiag4g5s31",
            "network_rules": [],
            "nfsv3_enabled": false,
            "primary_access_key": "JkqgHbNaIp/hw7VRzo6gjZRTAkn/QMwCJGHKMcmHMHzpM7wbwrRM9cpTdtBdtsqdXX1kqy/u4GFS+AStgsVxVA==",
            "primary_blob_connection_string": "DefaultEndpointsProtocol=https;BlobEndpoint=https://bootdiag4g5s31.blob.core.windows.net/;AccountName=bootdiag4g5s31;AccountKey=JkqgHbNaIp/hw7VRzo6gjZRTAkn/QMwCJGHKMcmHMHzpM7wbwrRM9cpTdtBdtsqdXX1kqy/u4GFS+AStgsVxVA==",
            "primary_blob_endpoint": "https://bootdiag4g5s31.blob.core.windows.net/",
            "primary_blob_host": "bootdiag4g5s31.blob.core.windows.net",
            "primary_blob_internet_endpoint": "",
            "primary_blob_internet_host": "",
            "primary_blob_microsoft_endpoint": "",
            "primary_blob_microsoft_host": "",
            "primary_connection_string": "DefaultEndpointsProtocol=https;AccountName=bootdiag4g5s31;AccountKey=JkqgHbNaIp/hw7VRzo6gjZRTAkn/QMwCJGHKMcmHMHzpM7wbwrRM9cpTdtBdtsqdXX1kqy/u4GFS+AStgsVxVA==;EndpointSuffix=core.windows.net",
            "primary_dfs_endpoint": "https://bootdiag4g5s31.dfs.core.windows.net/",
            "primary_dfs_host": "bootdiag4g5s31.dfs.core.windows.net",
            "primary_dfs_internet_endpoint": "",
            "primary_dfs_internet_host": "",
            "primary_dfs_microsoft_endpoint": "",
            "primary_dfs_microsoft_host": "",
            "primary_file_endpoint": "https://bootdiag4g5s31.file.core.windows.net/",
            "primary_file_host": "bootdiag4g5s31.file.core.windows.net",
            "primary_file_internet_endpoint": "",
            "primary_file_internet_host": "",
            "primary_file_microsoft_endpoint": "",
            "primary_file_microsoft_host": "",
            "primary_location": "westeurope",
            "primary_queue_endpoint": "https://bootdiag4g5s31.queue.core.windows.net/",
            "primary_queue_host": "bootdiag4g5s31.queue.core.windows.net",
            "primary_queue_microsoft_endpoint": "",
            "primary_queue_microsoft_host": "",
            "primary_table_endpoint": "https://bootdiag4g5s31.table.core.windows.net/",
            "primary_table_host": "bootdiag4g5s31.table.core.windows.net",
            "primary_table_microsoft_endpoint": "",
            "primary_table_microsoft_host": "",
            "primary_web_endpoint": "https://bootdiag4g5s31.z6.web.core.windows.net/",
            "primary_web_host": "bootdiag4g5s31.z6.web.core.windows.net",
            "primary_web_internet_endpoint": "",
            "primary_web_internet_host": "",
            "primary_web_microsoft_endpoint": "",
            "primary_web_microsoft_host": "",
            "public_network_access_enabled": true,
            "queue_encryption_key_type": "Service",
            "queue_properties": [
              {
                "cors_rule": [],
                "hour_metrics": [
                  {
                    "enabled": false,
                    "include_apis": false,
                    "retention_policy_days": 0,
                    "version": "1.0"
                  }
                ],
                "logging": [
                  {
                    "delete": false,
                    "read": false,
                    "retention_policy_days": 0,
                    "version": "1.0",
                    "write": false
                  }
                ],
                "minute_metrics": [
                  {
                    "enabled": false,
                    "include_apis": false,
                    "retention_policy_days": 0,
                    "version": "1.0"
                  }
                ]
              }
            ],
            "resource_group_name": "rg-ecotrack",
            "routing": [],
            "sas_policy": [],
            "secondary_access_key": "NUA6OoAvmWCuifAhb+BOK3C55qBcJy1CXGOu7bDy0euIaJTOIcSGPOhojsYHy1G/tAou0QjIs123+AStrVLnNg==",
            "secondary_blob_connection_string": "",
            "secondary_blob_endpoint": "",
            "secondary_blob_host": "",
            "secondary_blob_internet_endpoint": "",
            "secondary_blob_internet_host": "",
            "secondary_blob_microsoft_endpoint": "",
            "secondary_blob_microsoft_host": "",
            "secondary_connection_string": "DefaultEndpointsProtocol=https;AccountName=bootdiag4g5s31;AccountKey=NUA6OoAvmWCuifAhb+BOK3C55qBcJy1CXGOu7bDy0euIaJTOIcSGPOhojsYHy1G/tAou0QjIs123+AStrVLnNg==;EndpointSuffix=core.windows.net",
            "secondary_dfs_endpoint": "",
            "secondary_dfs_host": "",
            "secondary_dfs_internet_endpoint": "",
            "secondary_dfs_internet_host": "",
            "secondary_dfs_microsoft_endpoint": "",
            "secondary_dfs_microsoft_host": "",
            "secondary_file_endpoint": "",
            "secondary_file_host": "",
            "secondary_file_internet_endpoint": "",
            "secondary_file_internet_host": "",
            "secondary_file_microsoft_endpoint": "",
            "secondary_file_microsoft_host": "",
            "secondary_location": "",
            "secondary_queue_endpoint": "",
            "secondary_queue_host": "",
            "secondary_queue_microsoft_endpoint": "",
            "secondary_queue_microsoft_host": "",
            "secondary_table_endpoint": "",
            "secondary_table_host": "",
            "secondary_table_microsoft_endpoint": "",
            "secondary_table_microsoft_host": "",
            "secondary_web_endpoint": "",
            "secondary_web_host": "",
            "secondary_web_internet_endpoint": "",
            "secondary_web_internet_host": "",
            "secondary_web_microsoft_endpoint": "",
            "secondary_web_microsoft_host": "",
            "sftp_enabled": false,
            "share_properties": [
              {
                "cors_rule": [],
                "retention_policy": [
                  {
                    "days": 7
                  }
                ],
                "smb": []
              }
            ],
            "shared_access_key_enabled": true,
            "static_website": [],
            "table_encryption_key_type": "Service",
            "tags": {
              "environment": "production"
            },
            "timeouts": null
          },
          "sensitive_attributes": [
            [
              {
                "type": "get_attr",
                "value": "primary_access_key"
              }
            ],
            [
              {
                "type": "get_attr",
                "value": "primary_blob_connection_string"
              }
            ],
            [
              {
                "type": "get_attr",
                "value": "primary_connection_string"
              }
            ],
            [
              {
                "type": "get_attr",
                "value": "secondary_access_key"
              }
            ],
            [
              {
                "type": "get_attr",
                "value": "secondary_blob_connection_string"
              }
            ],
            [
              {
                "type": "get_attr",
                "value": "secondary_connection_string"
              }
            ]
          ],
          "identity_schema_version": 0,
          "private": "eyJlMmJmYjczMC1lY2FhLTExZTYtOGY4OC0zNDM2M2JjN2M0YzAiOnsiY3JlYXRlIjozNjAwMDAwMDAwMDAwLCJkZWxldGUiOjM2MDAwMDAwMDAwMDAsInJlYWQiOjMwMDAwMDAwMDAwMCwidXBkYXRlIjozNjAwMDAwMDAwMDAwfSwic2NoZW1hX3ZlcnNpb24iOiI0In0=",
          "dependencies": [
            "azurerm_resource_group.rg",
            "random_string.suffix"
          ]
        }
      ]
    },
    {
      "mode": "managed",
      "type": "azurerm_storage_account",
      "name": "diag",
      "provider": "provider[\"registry.terraform.io/hashicorp/azurerm\"]",
      "instances": [
        {
          "schema_version": 4,
          "attributes": {
            "access_tier": "Hot",
            "account_kind": "StorageV2",
            "account_replication_type": "LRS",
            "account_tier": "Standard",
            "allow_nested_items_to_be_public": true,
            "allowed_copy_scope": "",
            "azure_files_authentication": [],
            "blob_properties": [
              {
                "change_feed_enabled": false,
                "change_feed_retention_in_days": 0,
                "container_delete_retention_policy": [],
                "cors_rule": [],
                "default_service_version": "",
                "delete_retention_policy": [],
                "last_access_time_enabled": false,
                "restore_policy": [],
                "versioning_enabled": false
              }
            ],
            "cross_tenant_replication_enabled": false,
            "custom_domain": [],
            "customer_managed_key": [],
            "default_to_oauth_authentication": false,
            "dns_endpoint_type": "Standard",
            "edge_zone": "",
            "https_traffic_only_enabled": true,
            "id": "/subscriptions/bed361a3-0183-4e10-b054-c588880a37bd/resourceGroups/rg-ecotrack/providers/Microsoft.Storage/storageAccounts/diag4g5s31",
            "identity": [],
            "immutability_policy": [],
            "infrastructure_encryption_enabled": false,
            "is_hns_enabled": false,
            "large_file_share_enabled": false,
            "local_user_enabled": true,
            "location": "westeurope",
            "min_tls_version": "TLS1_2",
            "name": "diag4g5s31",
            "network_rules": [],
            "nfsv3_enabled": false,
            "primary_access_key": "cGbp6RC4Sv1O3XIEwZCg6NbIy6+oTY/Wq7afl7upIViEvhNenSg89EGeY/MeMLyYlo0k0kIol6hg+AStXSWxvg==",
            "primary_blob_connection_string": "DefaultEndpointsProtocol=https;BlobEndpoint=https://diag4g5s31.blob.core.windows.net/;AccountName=diag4g5s31;AccountKey=cGbp6RC4Sv1O3XIEwZCg6NbIy6+oTY/Wq7afl7upIViEvhNenSg89EGeY/MeMLyYlo0k0kIol6hg+AStXSWxvg==",
            "primary_blob_endpoint": "https://diag4g5s31.blob.core.windows.net/",
            "primary_blob_host": "diag4g5s31.blob.core.windows.net",
            "primary_blob_internet_endpoint": "",
            "primary_blob_internet_host": "",
            "primary_blob_microsoft_endpoint": "",
            "primary_blob_microsoft_host": "",
            "primary_connection_string": "DefaultEndpointsProtocol=https;AccountName=diag4g5s31;AccountKey=cGbp6RC4Sv1O3XIEwZCg6NbIy6+oTY/Wq7afl7upIViEvhNenSg89EGeY/MeMLyYlo0k0kIol6hg+AStXSWxvg==;EndpointSuffix=core.windows.net",
            "primary_dfs_endpoint": "https://diag4g5s31.dfs.core.windows.net/",
            "primary_dfs_host": "diag4g5s31.dfs.core.windows.net",
            "primary_dfs_internet_endpoint": "",
            "primary_dfs_internet_host": "",
            "primary_dfs_microsoft_endpoint": "",
            "primary_dfs_microsoft_host": "",
            "primary_file_endpoint": "https://diag4g5s31.file.core.windows.net/",
            "primary_file_host": "diag4g5s31.file.core.windows.net",
            "primary_file_internet_endpoint": "",
            "primary_file_internet_host": "",
            "primary_file_microsoft_endpoint": "",
            "primary_file_microsoft_host": "",
            "primary_location": "westeurope",
            "primary_queue_endpoint": "https://diag4g5s31.queue.core.windows.net/",
            "primary_queue_host": "diag4g5s31.queue.core.windows.net",
            "primary_queue_microsoft_endpoint": "",
            "primary_queue_microsoft_host": "",
            "primary_table_endpoint": "https://diag4g5s31.table.core.windows.net/",
            "primary_table_host": "diag4g5s31.table.core.windows.net",
            "primary_table_microsoft_endpoint": "",
            "primary_table_microsoft_host": "",
            "primary_web_endpoint": "https://diag4g5s31.z6.web.core.windows.net/",
            "primary_web_host": "diag4g5s31.z6.web.core.windows.net",
            "primary_web_internet_endpoint": "",
            "primary_web_internet_host": "",
            "primary_web_microsoft_endpoint": "",
            "primary_web_microsoft_host": "",
            "public_network_access_enabled": true,
            "queue_encryption_key_type": "Service",
            "queue_properties": [
              {
                "cors_rule": [],
                "hour_metrics": [
                  {
                    "enabled": false,
                    "include_apis": false,
                    "retention_policy_days": 0,
                    "version": "1.0"
                  }
                ],
                "logging": [
                  {
                    "delete": false,
                    "read": false,
                    "retention_policy_days": 0,
                    "version": "1.0",
                    "write": false
                  }
                ],
                "minute_metrics": [
                  {
                    "enabled": false,
                    "include_apis": false,
                    "retention_policy_days": 0,
                    "version": "1.0"
                  }
                ]
              }
            ],
            "resource_group_name": "rg-ecotrack",
            "routing": [],
            "sas_policy": [],
            "secondary_access_key": "KTAScq4bs9CY4ed9SP+4tIZQ5ItB3t4V6yqFnobBcNy0wPgAUDh1FC4PQk4axtIDyRT0TnP33ce6+ASt44FQ9w==",
            "secondary_blob_connection_string": "",
            "secondary_blob_endpoint": "",
            "secondary_blob_host": "",
            "secondary_blob_internet_endpoint": "",
            "secondary_blob_internet_host": "",
            "secondary_blob_microsoft_endpoint": "",
            "secondary_blob_microsoft_host": "",
            "secondary_connection_string": "DefaultEndpointsProtocol=https;AccountName=diag4g5s31;AccountKey=KTAScq4bs9CY4ed9SP+4tIZQ5ItB3t4V6yqFnobBcNy0wPgAUDh1FC4PQk4axtIDyRT0TnP33ce6+ASt44FQ9w==;EndpointSuffix=core.windows.net",
            "secondary_dfs_endpoint": "",
            "secondary_dfs_host": "",
            "secondary_dfs_internet_endpoint": "",
            "secondary_dfs_internet_host": "",
            "secondary_dfs_microsoft_endpoint": "",
            "secondary_dfs_microsoft_host": "",
            "secondary_file_endpoint": "",
            "secondary_file_host": "",
            "secondary_file_internet_endpoint": "",
            "secondary_file_internet_host": "",
            "secondary_file_microsoft_endpoint": "",
            "secondary_file_microsoft_host": "",
            "secondary_location": "",
            "secondary_queue_endpoint": "",
            "secondary_queue_host": "",
            "secondary_queue_microsoft_endpoint": "",
            "secondary_queue_microsoft_host": "",
            "secondary_table_endpoint": "",
            "secondary_table_host": "",
            "secondary_table_microsoft_endpoint": "",
            "secondary_table_microsoft_host": "",
            "secondary_web_endpoint": "",
            "secondary_web_host": "",
            "secondary_web_internet_endpoint": "",
            "secondary_web_internet_host": "",
            "secondary_web_microsoft_endpoint": "",
            "secondary_web_microsoft_host": "",
            "sftp_enabled": false,
            "share_properties": [
              {
                "cors_rule": [],
                "retention_policy": [
                  {
                    "days": 7
                  }
                ],
                "smb": []
              }
            ],
            "shared_access_key_enabled": true,
            "static_website": [],
            "table_encryption_key_type": "Service",
            "tags": {
              "environment": "production"
            },
            "timeouts": null
          },
          "sensitive_attributes": [
            [
              {
                "type": "get_attr",
                "value": "primary_access_key"
              }
            ],
            [
              {
                "type": "get_attr",
                "value": "primary_blob_connection_string"
              }
            ],
            [
              {
                "type": "get_attr",
                "value": "primary_connection_string"
              }
            ],
            [
              {
                "type": "get_attr",
                "value": "secondary_access_key"
              }
            ],
            [
              {
                "type": "get_attr",
                "value": "secondary_blob_connection_string"
              }
            ],
            [
              {
                "type": "get_attr",
                "value": "secondary_connection_string"
              }
            ]
          ],
          "identity_schema_version": 0,
          "private": "eyJlMmJmYjczMC1lY2FhLTExZTYtOGY4OC0zNDM2M2JjN2M0YzAiOnsiY3JlYXRlIjozNjAwMDAwMDAwMDAwLCJkZWxldGUiOjM2MDAwMDAwMDAwMDAsInJlYWQiOjMwMDAwMDAwMDAwMCwidXBkYXRlIjozNjAwMDAwMDAwMDAwfSwic2NoZW1hX3ZlcnNpb24iOiI0In0=",
          "dependencies": [
            "azurerm_resource_group.rg",
            "random_string.suffix"
          ]
        }
      ]
    },
    {
      "mode": "managed",
      "type": "azurerm_storage_account",
      "name": "storage",
      "provider": "provider[\"registry.terraform.io/hashicorp/azurerm\"]",
      "instances": [
        {
          "schema_version": 4,
          "attributes": {
            "access_tier": "Hot",
            "account_kind": "StorageV2",
            "account_replication_type": "LRS",
            "account_tier": "Standard",
            "allow_nested_items_to_be_public": true,
            "allowed_copy_scope": "",
            "azure_files_authentication": [],
            "blob_properties": [
              {
                "change_feed_enabled": false,
                "change_feed_retention_in_days": 0,
                "container_delete_retention_policy": [],
                "cors_rule": [],
                "default_service_version": "",
                "delete_retention_policy": [],
                "last_access_time_enabled": false,
                "restore_policy": [],
                "versioning_enabled": false
              }
            ],
            "cross_tenant_replication_enabled": false,
            "custom_domain": [],
            "customer_managed_key": [],
            "default_to_oauth_authentication": false,
            "dns_endpoint_type": "Standard",
            "edge_zone": "",
            "https_traffic_only_enabled": true,
            "id": "/subscriptions/bed361a3-0183-4e10-b054-c588880a37bd/resourceGroups/rg-ecotrack/providers/Microsoft.Storage/storageAccounts/stor4g5s31",
            "identity": [],
            "immutability_policy": [],
            "infrastructure_encryption_enabled": false,
            "is_hns_enabled": false,
            "large_file_share_enabled": false,
            "local_user_enabled": true,
            "location": "westeurope",
            "min_tls_version": "TLS1_2",
            "name": "stor4g5s31",
            "network_rules": [
              {
                "bypass": [],
                "default_action": "Deny",
                "ip_rules": [],
                "private_link_access": [],
                "virtual_network_subnet_ids": [
                  "/subscriptions/bed361a3-0183-4e10-b054-c588880a37bd/resourceGroups/rg-ecotrack/providers/Microsoft.Network/virtualNetworks/vnet-ecotrack/subnets/subnet-private-endpoints"
                ]
              }
            ],
            "nfsv3_enabled": false,
            "primary_access_key": "jMXJj+xnkUY/4qgaiuauabY9T9+V8BBPV3T3xuPGqTGC5eKAYCxN74P0Yqmpx8daPLCLBy03T2z4+AStehj3Uw==",
            "primary_blob_connection_string": "DefaultEndpointsProtocol=https;BlobEndpoint=https://stor4g5s31.blob.core.windows.net/;AccountName=stor4g5s31;AccountKey=jMXJj+xnkUY/4qgaiuauabY9T9+V8BBPV3T3xuPGqTGC5eKAYCxN74P0Yqmpx8daPLCLBy03T2z4+AStehj3Uw==",
            "primary_blob_endpoint": "https://stor4g5s31.blob.core.windows.net/",
            "primary_blob_host": "stor4g5s31.blob.core.windows.net",
            "primary_blob_internet_endpoint": "",
            "primary_blob_internet_host": "",
            "primary_blob_microsoft_endpoint": "",
            "primary_blob_microsoft_host": "",
            "primary_connection_string": "DefaultEndpointsProtocol=https;AccountName=stor4g5s31;AccountKey=jMXJj+xnkUY/4qgaiuauabY9T9+V8BBPV3T3xuPGqTGC5eKAYCxN74P0Yqmpx8daPLCLBy03T2z4+AStehj3Uw==;EndpointSuffix=core.windows.net",
            "primary_dfs_endpoint": "https://stor4g5s31.dfs.core.windows.net/",
            "primary_dfs_host": "stor4g5s31.dfs.core.windows.net",
            "primary_dfs_internet_endpoint": "",
            "primary_dfs_internet_host": "",
            "primary_dfs_microsoft_endpoint": "",
            "primary_dfs_microsoft_host": "",
            "primary_file_endpoint": "https://stor4g5s31.file.core.windows.net/",
            "primary_file_host": "stor4g5s31.file.core.windows.net",
            "primary_file_internet_endpoint": "",
            "primary_file_internet_host": "",
            "primary_file_microsoft_endpoint": "",
            "primary_file_microsoft_host": "",
            "primary_location": "westeurope",
            "primary_queue_endpoint": "https://stor4g5s31.queue.core.windows.net/",
            "primary_queue_host": "stor4g5s31.queue.core.windows.net",
            "primary_queue_microsoft_endpoint": "",
            "primary_queue_microsoft_host": "",
            "primary_table_endpoint": "https://stor4g5s31.table.core.windows.net/",
            "primary_table_host": "stor4g5s31.table.core.windows.net",
            "primary_table_microsoft_endpoint": "",
            "primary_table_microsoft_host": "",
            "primary_web_endpoint": "https://stor4g5s31.z6.web.core.windows.net/",
            "primary_web_host": "stor4g5s31.z6.web.core.windows.net",
            "primary_web_internet_endpoint": "",
            "primary_web_internet_host": "",
            "primary_web_microsoft_endpoint": "",
            "primary_web_microsoft_host": "",
            "public_network_access_enabled": true,
            "queue_encryption_key_type": "Service",
            "queue_properties": [
              {
                "cors_rule": [],
                "hour_metrics": [
                  {
                    "enabled": false,
                    "include_apis": false,
                    "retention_policy_days": 0,
                    "version": "1.0"
                  }
                ],
                "logging": [
                  {
                    "delete": false,
                    "read": false,
                    "retention_policy_days": 0,
                    "version": "1.0",
                    "write": false
                  }
                ],
                "minute_metrics": [
                  {
                    "enabled": false,
                    "include_apis": false,
                    "retention_policy_days": 0,
                    "version": "1.0"
                  }
                ]
              }
            ],
            "resource_group_name": "rg-ecotrack",
            "routing": [],
            "sas_policy": [],
            "secondary_access_key": "kSkzYOnAesURjRm7qWGzjyBxIwuksO+NeryXSNT2hcomf+IuiPhK+ey09MdvyZLIcU2jT2Ldjye3+AStsoUefQ==",
            "secondary_blob_connection_string": "",
            "secondary_blob_endpoint": "",
            "secondary_blob_host": "",
            "secondary_blob_internet_endpoint": "",
            "secondary_blob_internet_host": "",
            "secondary_blob_microsoft_endpoint": "",
            "secondary_blob_microsoft_host": "",
            "secondary_connection_string": "DefaultEndpointsProtocol=https;AccountName=stor4g5s31;AccountKey=kSkzYOnAesURjRm7qWGzjyBxIwuksO+NeryXSNT2hcomf+IuiPhK+ey09MdvyZLIcU2jT2Ldjye3+AStsoUefQ==;EndpointSuffix=core.windows.net",
            "secondary_dfs_endpoint": "",
            "secondary_dfs_host": "",
            "secondary_dfs_internet_endpoint": "",
            "secondary_dfs_internet_host": "",
            "secondary_dfs_microsoft_endpoint": "",
            "secondary_dfs_microsoft_host": "",
            "secondary_file_endpoint": "",
            "secondary_file_host": "",
            "secondary_file_internet_endpoint": "",
            "secondary_file_internet_host": "",
            "secondary_file_microsoft_endpoint": "",
            "secondary_file_microsoft_host": "",
            "secondary_location": "",
            "secondary_queue_endpoint": "",
            "secondary_queue_host": "",
            "secondary_queue_microsoft_endpoint": "",
            "secondary_queue_microsoft_host": "",
            "secondary_table_endpoint": "",
            "secondary_table_host": "",
            "secondary_table_microsoft_endpoint": "",
            "secondary_table_microsoft_host": "",
            "secondary_web_endpoint": "",
            "secondary_web_host": "",
            "secondary_web_internet_endpoint": "",
            "secondary_web_internet_host": "",
            "secondary_web_microsoft_endpoint": "",
            "secondary_web_microsoft_host": "",
            "sftp_enabled": false,
            "share_properties": [
              {
                "cors_rule": [],
                "retention_policy": [
                  {
                    "days": 7
                  }
                ],
                "smb": []
              }
            ],
            "shared_access_key_enabled": true,
            "static_website": [],
            "table_encryption_key_type": "Service",
            "tags": {
              "environment": "production"
            },
            "timeouts": null
          },
          "sensitive_attributes": [
            [
              {
                "type": "get_attr",
                "value": "primary_access_key"
              }
            ],
            [
              {
                "type": "get_attr",
                "value": "primary_blob_connection_string"
              }
            ],
            [
              {
                "type": "get_attr",
                "value": "primary_connection_string"
              }
            ],
            [
              {
                "type": "get_attr",
                "value": "secondary_access_key"
              }
            ],
            [
              {
                "type": "get_attr",
                "value": "secondary_blob_connection_string"
              }
            ],
            [
              {
                "type": "get_attr",
                "value": "secondary_connection_string"
              }
            ]
          ],
          "identity_schema_version": 0,
          "private": "eyJlMmJmYjczMC1lY2FhLTExZTYtOGY4OC0zNDM2M2JjN2M0YzAiOnsiY3JlYXRlIjozNjAwMDAwMDAwMDAwLCJkZWxldGUiOjM2MDAwMDAwMDAwMDAsInJlYWQiOjMwMDAwMDAwMDAwMCwidXBkYXRlIjozNjAwMDAwMDAwMDAwfSwic2NoZW1hX3ZlcnNpb24iOiI0In0=",
          "dependencies": [
            "azurerm_resource_group.rg",
            "azurerm_subnet.private_endpoints",
            "azurerm_virtual_network.vnet",
            "random_string.suffix"
          ]
        }
      ]
    },
    {
      "mode": "managed",
      "type": "azurerm_subnet",
      "name": "app",
      "provider": "provider[\"registry.terraform.io/hashicorp/azurerm\"]",
      "instances": [
        {
          "schema_version": 0,
          "attributes": {
            "address_prefixes": [
              "10.0.1.0/24"
            ],
            "default_outbound_access_enabled": true,
            "delegation": [
              {
                "name": "delegation-app-service",
                "service_delegation": [
                  {
                    "actions": [
                      "Microsoft.Network/virtualNetworks/subnets/action"
                    ],
                    "name": "Microsoft.Web/serverFarms"
                  }
                ]
              }
            ],
            "id": "/subscriptions/bed361a3-0183-4e10-b054-c588880a37bd/resourceGroups/rg-ecotrack/providers/Microsoft.Network/virtualNetworks/vnet-ecotrack/subnets/subnet-app",
            "name": "subnet-app",
            "private_endpoint_network_policies": "Disabled",
            "private_link_service_network_policies_enabled": true,
            "resource_group_name": "rg-ecotrack",
            "service_endpoint_policy_ids": [],
            "service_endpoints": [
              "Microsoft.Storage"
            ],
            "timeouts": null,
            "virtual_network_name": "vnet-ecotrack"
          },
          "sensitive_attributes": [],
          "identity_schema_version": 0,
          "private": "eyJlMmJmYjczMC1lY2FhLTExZTYtOGY4OC0zNDM2M2JjN2M0YzAiOnsiY3JlYXRlIjoxODAwMDAwMDAwMDAwLCJkZWxldGUiOjE4MDAwMDAwMDAwMDAsInJlYWQiOjMwMDAwMDAwMDAwMCwidXBkYXRlIjoxODAwMDAwMDAwMDAwfX0=",
          "dependencies": [
            "azurerm_resource_group.rg",
            "azurerm_virtual_network.vnet"
          ]
        }
      ]
    },
    {
      "mode": "managed",
      "type": "azurerm_subnet",
      "name": "bastion_subnet",
      "provider": "provider[\"registry.terraform.io/hashicorp/azurerm\"]",
      "instances": [
        {
          "schema_version": 0,
          "attributes": {
            "address_prefixes": [
              "10.0.3.0/27"
            ],
            "default_outbound_access_enabled": true,
            "delegation": [],
            "id": "/subscriptions/bed361a3-0183-4e10-b054-c588880a37bd/resourceGroups/rg-ecotrack/providers/Microsoft.Network/virtualNetworks/vnet-ecotrack/subnets/AzureBastionSubnet",
            "name": "AzureBastionSubnet",
            "private_endpoint_network_policies": "Disabled",
            "private_link_service_network_policies_enabled": true,
            "resource_group_name": "rg-ecotrack",
            "service_endpoint_policy_ids": [],
            "service_endpoints": [],
            "timeouts": null,
            "virtual_network_name": "vnet-ecotrack"
          },
          "sensitive_attributes": [],
          "identity_schema_version": 0,
          "private": "eyJlMmJmYjczMC1lY2FhLTExZTYtOGY4OC0zNDM2M2JjN2M0YzAiOnsiY3JlYXRlIjoxODAwMDAwMDAwMDAwLCJkZWxldGUiOjE4MDAwMDAwMDAwMDAsInJlYWQiOjMwMDAwMDAwMDAwMCwidXBkYXRlIjoxODAwMDAwMDAwMDAwfX0=",
          "dependencies": [
            "azurerm_resource_group.rg",
            "azurerm_virtual_network.vnet"
          ]
        }
      ]
    },
    {
      "mode": "managed",
      "type": "azurerm_subnet",
      "name": "mgmt",
      "provider": "provider[\"registry.terraform.io/hashicorp/azurerm\"]",
      "instances": [
        {
          "schema_version": 0,
          "attributes": {
            "address_prefixes": [
              "10.0.2.0/24"
            ],
            "default_outbound_access_enabled": true,
            "delegation": [],
            "id": "/subscriptions/bed361a3-0183-4e10-b054-c588880a37bd/resourceGroups/rg-ecotrack/providers/Microsoft.Network/virtualNetworks/vnet-ecotrack/subnets/subnet-mgmt",
            "name": "subnet-mgmt",
            "private_endpoint_network_policies": "Disabled",
            "private_link_service_network_policies_enabled": true,
            "resource_group_name": "rg-ecotrack",
            "service_endpoint_policy_ids": [],
            "service_endpoints": [
              "Microsoft.Storage"
            ],
            "timeouts": null,
            "virtual_network_name": "vnet-ecotrack"
          },
          "sensitive_attributes": [],
          "identity_schema_version": 0,
          "private": "eyJlMmJmYjczMC1lY2FhLTExZTYtOGY4OC0zNDM2M2JjN2M0YzAiOnsiY3JlYXRlIjoxODAwMDAwMDAwMDAwLCJkZWxldGUiOjE4MDAwMDAwMDAwMDAsInJlYWQiOjMwMDAwMDAwMDAwMCwidXBkYXRlIjoxODAwMDAwMDAwMDAwfX0=",
          "dependencies": [
            "azurerm_resource_group.rg",
            "azurerm_virtual_network.vnet"
          ]
        }
      ]
    },
    {
      "mode": "managed",
      "type": "azurerm_subnet",
      "name": "private_endpoints",
      "provider": "provider[\"registry.terraform.io/hashicorp/azurerm\"]",
      "instances": [
        {
          "schema_version": 0,
          "attributes": {
            "address_prefixes": [
              "10.0.4.0/24"
            ],
            "default_outbound_access_enabled": true,
            "delegation": [],
            "id": "/subscriptions/bed361a3-0183-4e10-b054-c588880a37bd/resourceGroups/rg-ecotrack/providers/Microsoft.Network/virtualNetworks/vnet-ecotrack/subnets/subnet-private-endpoints",
            "name": "subnet-private-endpoints",
            "private_endpoint_network_policies": "Disabled",
            "private_link_service_network_policies_enabled": false,
            "resource_group_name": "rg-ecotrack",
            "service_endpoint_policy_ids": [],
            "service_endpoints": [
              "Microsoft.Storage"
            ],
            "timeouts": null,
            "virtual_network_name": "vnet-ecotrack"
          },
          "sensitive_attributes": [],
          "identity_schema_version": 0,
          "private": "eyJlMmJmYjczMC1lY2FhLTExZTYtOGY4OC0zNDM2M2JjN2M0YzAiOnsiY3JlYXRlIjoxODAwMDAwMDAwMDAwLCJkZWxldGUiOjE4MDAwMDAwMDAwMDAsInJlYWQiOjMwMDAwMDAwMDAwMCwidXBkYXRlIjoxODAwMDAwMDAwMDAwfX0=",
          "dependencies": [
            "azurerm_resource_group.rg",
            "azurerm_virtual_network.vnet"
          ]
        }
      ]
    },
    {
      "mode": "managed",
      "type": "azurerm_subnet_network_security_group_association",
      "name": "assoc_app",
      "provider": "provider[\"registry.terraform.io/hashicorp/azurerm\"]",
      "instances": [
        {
          "schema_version": 0,
          "attributes": {
            "id": "/subscriptions/bed361a3-0183-4e10-b054-c588880a37bd/resourceGroups/rg-ecotrack/providers/Microsoft.Network/virtualNetworks/vnet-ecotrack/subnets/subnet-app",
            "network_security_group_id": "/subscriptions/bed361a3-0183-4e10-b054-c588880a37bd/resourceGroups/rg-ecotrack/providers/Microsoft.Network/networkSecurityGroups/nsg-app",
            "subnet_id": "/subscriptions/bed361a3-0183-4e10-b054-c588880a37bd/resourceGroups/rg-ecotrack/providers/Microsoft.Network/virtualNetworks/vnet-ecotrack/subnets/subnet-app",
            "timeouts": null
          },
          "sensitive_attributes": [],
          "identity_schema_version": 0,
          "private": "eyJlMmJmYjczMC1lY2FhLTExZTYtOGY4OC0zNDM2M2JjN2M0YzAiOnsiY3JlYXRlIjoxODAwMDAwMDAwMDAwLCJkZWxldGUiOjE4MDAwMDAwMDAwMDAsInJlYWQiOjMwMDAwMDAwMDAwMH19",
          "dependencies": [
            "azurerm_network_security_group.nsg_app",
            "azurerm_resource_group.rg",
            "azurerm_subnet.app",
            "azurerm_virtual_network.vnet"
          ]
        }
      ]
    },
    {
      "mode": "managed",
      "type": "azurerm_subnet_network_security_group_association",
      "name": "assoc_mgmt",
      "provider": "provider[\"registry.terraform.io/hashicorp/azurerm\"]",
      "instances": [
        {
          "schema_version": 0,
          "attributes": {
            "id": "/subscriptions/bed361a3-0183-4e10-b054-c588880a37bd/resourceGroups/rg-ecotrack/providers/Microsoft.Network/virtualNetworks/vnet-ecotrack/subnets/subnet-mgmt",
            "network_security_group_id": "/subscriptions/bed361a3-0183-4e10-b054-c588880a37bd/resourceGroups/rg-ecotrack/providers/Microsoft.Network/networkSecurityGroups/nsg-mgmt",
            "subnet_id": "/subscriptions/bed361a3-0183-4e10-b054-c588880a37bd/resourceGroups/rg-ecotrack/providers/Microsoft.Network/virtualNetworks/vnet-ecotrack/subnets/subnet-mgmt",
            "timeouts": null
          },
          "sensitive_attributes": [],
          "identity_schema_version": 0,
          "private": "eyJlMmJmYjczMC1lY2FhLTExZTYtOGY4OC0zNDM2M2JjN2M0YzAiOnsiY3JlYXRlIjoxODAwMDAwMDAwMDAwLCJkZWxldGUiOjE4MDAwMDAwMDAwMDAsInJlYWQiOjMwMDAwMDAwMDAwMH19",
          "dependencies": [
            "azurerm_network_security_group.nsg_mgmt",
            "azurerm_resource_group.rg",
            "azurerm_subnet.mgmt",
            "azurerm_virtual_network.vnet"
          ]
        }
      ]
    },
    {
      "mode": "managed",
      "type": "azurerm_virtual_machine_extension",
      "name": "azuremonitoragent",
      "provider": "provider[\"registry.terraform.io/hashicorp/azurerm\"]",
      "instances": [
        {
          "schema_version": 0,
          "attributes": {
            "auto_upgrade_minor_version": true,
            "automatic_upgrade_enabled": false,
            "failure_suppression_enabled": false,
            "id": "/subscriptions/bed361a3-0183-4e10-b054-c588880a37bd/resourceGroups/rg-ecotrack/providers/Microsoft.Compute/virtualMachines/ecotrack-vm/extensions/AzureMonitorLinuxAgent",
            "name": "AzureMonitorLinuxAgent",
            "protected_settings": null,
            "protected_settings_from_key_vault": [],
            "provision_after_extensions": [],
            "publisher": "Microsoft.Azure.Monitor",
            "settings": null,
            "tags": {
              "environment": "production"
            },
            "timeouts": null,
            "type": "AzureMonitorLinuxAgent",
            "type_handler_version": "1.0",
            "virtual_machine_id": "/subscriptions/bed361a3-0183-4e10-b054-c588880a37bd/resourceGroups/rg-ecotrack/providers/Microsoft.Compute/virtualMachines/ecotrack-vm"
          },
          "sensitive_attributes": [
            [
              {
                "type": "get_attr",
                "value": "protected_settings"
              }
            ]
          ],
          "identity_schema_version": 0,
          "private": "eyJlMmJmYjczMC1lY2FhLTExZTYtOGY4OC0zNDM2M2JjN2M0YzAiOnsiY3JlYXRlIjoxODAwMDAwMDAwMDAwLCJkZWxldGUiOjE4MDAwMDAwMDAwMDAsInJlYWQiOjMwMDAwMDAwMDAwMCwidXBkYXRlIjoxODAwMDAwMDAwMDAwfX0=",
          "dependencies": [
            "azurerm_linux_virtual_machine.vm",
            "azurerm_network_interface.nic",
            "azurerm_resource_group.rg",
            "azurerm_storage_account.boot_diag",
            "azurerm_subnet.mgmt",
            "azurerm_virtual_network.vnet",
            "random_string.suffix"
          ]
        }
      ]
    },
    {
      "mode": "managed",
      "type": "azurerm_virtual_network",
      "name": "vnet",
      "provider": "provider[\"registry.terraform.io/hashicorp/azurerm\"]",
      "instances": [
        {
          "schema_version": 0,
          "attributes": {
            "address_space": [
              "10.0.0.0/16"
            ],
            "bgp_community": "",
            "ddos_protection_plan": [],
            "dns_servers": [],
            "edge_zone": "",
            "encryption": [],
            "flow_timeout_in_minutes": 0,
            "guid": "b1ba88e2-89a9-4ae2-be58-aa11ab1acbf9",
            "id": "/subscriptions/bed361a3-0183-4e10-b054-c588880a37bd/resourceGroups/rg-ecotrack/providers/Microsoft.Network/virtualNetworks/vnet-ecotrack",
            "ip_address_pool": [],
            "location": "westeurope",
            "name": "vnet-ecotrack",
            "private_endpoint_vnet_policies": "Disabled",
            "resource_group_name": "rg-ecotrack",
            "subnet": [
              {
                "address_prefixes": [
                  "10.0.1.0/24"
                ],
                "default_outbound_access_enabled": true,
                "delegation": [
                  {
                    "name": "delegation-app-service",
                    "service_delegation": [
                      {
                        "actions": [
                          "Microsoft.Network/virtualNetworks/subnets/action"
                        ],
                        "name": "Microsoft.Web/serverFarms"
                      }
                    ]
                  }
                ],
                "id": "/subscriptions/bed361a3-0183-4e10-b054-c588880a37bd/resourceGroups/rg-ecotrack/providers/Microsoft.Network/virtualNetworks/vnet-ecotrack/subnets/subnet-app",
                "name": "subnet-app",
                "private_endpoint_network_policies": "Disabled",
                "private_link_service_network_policies_enabled": true,
                "route_table_id": "",
                "security_group": "/subscriptions/bed361a3-0183-4e10-b054-c588880a37bd/resourceGroups/rg-ecotrack/providers/Microsoft.Network/networkSecurityGroups/nsg-app",
                "service_endpoint_policy_ids": [],
                "service_endpoints": [
                  "Microsoft.Storage"
                ]
              },
              {
                "address_prefixes": [
                  "10.0.2.0/24"
                ],
                "default_outbound_access_enabled": true,
                "delegation": [],
                "id": "/subscriptions/bed361a3-0183-4e10-b054-c588880a37bd/resourceGroups/rg-ecotrack/providers/Microsoft.Network/virtualNetworks/vnet-ecotrack/subnets/subnet-mgmt",
                "name": "subnet-mgmt",
                "private_endpoint_network_policies": "Disabled",
                "private_link_service_network_policies_enabled": true,
                "route_table_id": "",
                "security_group": "/subscriptions/bed361a3-0183-4e10-b054-c588880a37bd/resourceGroups/rg-ecotrack/providers/Microsoft.Network/networkSecurityGroups/nsg-mgmt",
                "service_endpoint_policy_ids": [],
                "service_endpoints": [
                  "Microsoft.Storage"
                ]
              },
              {
                "address_prefixes": [
                  "10.0.3.0/27"
                ],
                "default_outbound_access_enabled": true,
                "delegation": [],
                "id": "/subscriptions/bed361a3-0183-4e10-b054-c588880a37bd/resourceGroups/rg-ecotrack/providers/Microsoft.Network/virtualNetworks/vnet-ecotrack/subnets/AzureBastionSubnet",
                "name": "AzureBastionSubnet",
                "private_endpoint_network_policies": "Disabled",
                "private_link_service_network_policies_enabled": true,
                "route_table_id": "",
                "security_group": "",
                "service_endpoint_policy_ids": [],
                "service_endpoints": []
              },
              {
                "address_prefixes": [
                  "10.0.4.0/24"
                ],
                "default_outbound_access_enabled": true,
                "delegation": [],
                "id": "/subscriptions/bed361a3-0183-4e10-b054-c588880a37bd/resourceGroups/rg-ecotrack/providers/Microsoft.Network/virtualNetworks/vnet-ecotrack/subnets/subnet-private-endpoints",
                "name": "subnet-private-endpoints",
                "private_endpoint_network_policies": "Disabled",
                "private_link_service_network_policies_enabled": false,
                "route_table_id": "",
                "security_group": "",
                "service_endpoint_policy_ids": [],
                "service_endpoints": [
                  "Microsoft.Storage"
                ]
              }
            ],
            "tags": {
              "environment": "production"
            },
            "timeouts": null
          },
          "sensitive_attributes": [],
          "identity_schema_version": 0,
          "private": "eyJlMmJmYjczMC1lY2FhLTExZTYtOGY4OC0zNDM2M2JjN2M0YzAiOnsiY3JlYXRlIjoxODAwMDAwMDAwMDAwLCJkZWxldGUiOjE4MDAwMDAwMDAwMDAsInJlYWQiOjMwMDAwMDAwMDAwMCwidXBkYXRlIjoxODAwMDAwMDAwMDAwfX0=",
          "dependencies": [
            "azurerm_resource_group.rg"
          ]
        }
      ]
    },
    {
      "mode": "managed",
      "type": "random_string",
      "name": "suffix",
      "provider": "provider[\"registry.terraform.io/hashicorp/random\"]",
      "instances": [
        {
          "schema_version": 2,
          "attributes": {
            "id": "4g5s31",
            "keepers": null,
            "length": 6,
            "lower": true,
            "min_lower": 0,
            "min_numeric": 0,
            "min_special": 0,
            "min_upper": 0,
            "number": true,
            "numeric": true,
            "override_special": null,
            "result": "4g5s31",
            "special": false,
            "upper": false
          },
          "sensitive_attributes": [],
          "identity_schema_version": 0
        }
      ]
    }
  ],
  "check_results": null
}
